
Microsoft Visual Studio Solution File, Format Version 12.00
# Visual Studio Version 17
VisualStudioVersion = 17.8.34511.84
MinimumVisualStudioVersion = 10.0.40219.1
Project("{9A19103F-16F7-4668-BE54-9A1E7A4F7556}") = "Project_2_Web_App", "Project_2_Web_App.csproj", "{351507AC-6FF1-4698-875D-DFF7A1C8FBDF}"
EndProject
Global
	GlobalSection(SolutionConfigurationPlatforms) = preSolution
		Debug|Any CPU = Debug|Any CPU
		Release|Any CPU = Release|Any CPU
	EndGlobalSection
	GlobalSection(ProjectConfigurationPlatforms) = postSolution
		{351507AC-6FF1-4698-875D-DFF7A1C8FBDF}.Debug|Any CPU.ActiveCfg = Debug|Any CPU
		{351507AC-6FF1-4698-875D-DFF7A1C8FBDF}.Debug|Any CPU.Build.0 = Debug|Any CPU
		{351507AC-6FF1-4698-875D-DFF7A1C8FBDF}.Release|Any CPU.ActiveCfg = Release|Any CPU
		{351507AC-6FF1-4698-875D-DFF7A1C8FBDF}.Release|Any CPU.Build.0 = Release|Any CPU
	EndGlobalSection
	GlobalSection(SolutionProperties) = preSolution
		HideSolutionNode = FALSE
	EndGlobalSection
	GlobalSection(ExtensibilityGlobals) = postSolution
		SolutionGuid = {022DF4CA-3398-49AE-9977-D0EE5E165D13}
	EndGlobalSection
EndGlobal
